
Microsoft Visual Studio Solution File, Format Version 12.00
# Visual Studio Version 17
VisualStudioVersion = 17.14.36717.8 d17.14
MinimumVisualStudioVersion = 10.0.40219.1
Project("{FAE04EC0-301F-11D3-BF4B-00C04F79EFBC}") = "MeteoLabZPelletier", "MeteoLabZPelletier\MeteoLabZPelletier.csproj", "{698EB84E-1AC9-4D09-B2E3-C0F3A470AB6E}"
EndProject
Project("{2150E333-8FDC-42A3-9474-1A3956D46DE8}") = "Solution Items", "Solution Items", "{02EA681E-C7D8-13C7-8484-4AC65E1B71E8}"
	ProjectSection(SolutionItems) = preProject
		.gitignore = .gitignore
		Directory.Build.props = Directory.Build.props
		Directory.Build.targets = Directory.Build.targets
		Directory.Packages.props = Directory.Packages.props
		global.json = global.json
	EndProjectSection
EndProject
Global
	GlobalSection(SolutionConfigurationPlatforms) = preSolution
		Debug|Any CPU = Debug|Any CPU
		Release|Any CPU = Release|Any CPU
	EndGlobalSection
	GlobalSection(ProjectConfigurationPlatforms) = postSolution
		{698EB84E-1AC9-4D09-B2E3-C0F3A470AB6E}.Debug|Any CPU.ActiveCfg = Debug|Any CPU
		{698EB84E-1AC9-4D09-B2E3-C0F3A470AB6E}.Debug|Any CPU.Build.0 = Debug|Any CPU
		{698EB84E-1AC9-4D09-B2E3-C0F3A470AB6E}.Debug|Any CPU.Deploy.0 = Debug|Any CPU
		{698EB84E-1AC9-4D09-B2E3-C0F3A470AB6E}.Release|Any CPU.ActiveCfg = Release|Any CPU
		{698EB84E-1AC9-4D09-B2E3-C0F3A470AB6E}.Release|Any CPU.Build.0 = Release|Any CPU
		{698EB84E-1AC9-4D09-B2E3-C0F3A470AB6E}.Release|Any CPU.Deploy.0 = Release|Any CPU
	EndGlobalSection
	GlobalSection(SolutionProperties) = preSolution
		HideSolutionNode = FALSE
	EndGlobalSection
	GlobalSection(ExtensibilityGlobals) = postSolution
		SolutionGuid = {373648FD-2AC9-4C22-AE3E-24BD244B91D4}
	EndGlobalSection
EndGlobal
